// !$*UTF8*$!
{
	archiveVersion = 1;
	classes = {
	};
	objectVersion = 46;
	objects = {

/* Begin PBXBuildFile section */
		42669477956E48B88F1E2AC3 /* Pods_Tumblr.framework in Frameworks */ = {isa = PBXBuildFile; fileRef = 2C950E9E262D179347C9BF6C /* Pods_Tumblr.framework */; };
		E15ED2B31E4C4CE600E29022 /* PhotoDetailsViewController.swift in Sources */ = {isa = PBXBuildFile; fileRef = E15ED2B21E4C4CE600E29022 /* PhotoDetailsViewController.swift */; };
		E15ED2B51E4C680400E29022 /* InfiniteScrollActivityView.swift in Sources */ = {isa = PBXBuildFile; fileRef = E15ED2B41E4C680400E29022 /* InfiniteScrollActivityView.swift */; };
		E1A457DD1E43B3E900D696AB /* AppDelegate.swift in Sources */ = {isa = PBXBuildFile; fileRef = E1A457DC1E43B3E900D696AB /* AppDelegate.swift */; };
		E1A457E21E43B3E900D696AB /* Main.storyboard in Resources */ = {isa = PBXBuildFile; fileRef = E1A457E01E43B3E900D696AB /* Main.storyboard */; };
		E1A457E41E43B3E900D696AB /* Assets.xcassets in Resources */ = {isa = PBXBuildFile; fileRef = E1A457E31E43B3E900D696AB /* Assets.xcassets */; };
		E1A457E71E43B3E900D696AB /* LaunchScreen.storyboard in Resources */ = {isa = PBXBuildFile; fileRef = E1A457E51E43B3E900D696AB /* LaunchScreen.storyboard */; };
		E1A457EF1E43B6F800D696AB /* PhotosViewController.swift in Sources */ = {isa = PBXBuildFile; fileRef = E1A457EE1E43B6F800D696AB /* PhotosViewController.swift */; };
		E1A457F31E43BBA700D696AB /* PhotoCell.swift in Sources */ = {isa = PBXBuildFile; fileRef = E1A457F21E43BBA700D696AB /* PhotoCell.swift */; };
/* End PBXBuildFile section */

/* Begin PBXFileReference section */
		0622B830E85539256CA512FB /* Pods-Tumblr.debug.xcconfig */ = {isa = PBXFileReference; includeInIndex = 1; lastKnownFileType = text.xcconfig; name = "Pods-Tumblr.debug.xcconfig"; path = "Pods/Target Support Files/Pods-Tumblr/Pods-Tumblr.debug.xcconfig"; sourceTree = "<group>"; };
		1CD84E8547CFFF902A6B9A17 /* Pods-Tumblr.release.xcconfig */ = {isa = PBXFileReference; includeInIndex = 1; lastKnownFileType = text.xcconfig; name = "Pods-Tumblr.release.xcconfig"; path = "Pods/Target Support Files/Pods-Tumblr/Pods-Tumblr.release.xcconfig"; sourceTree = "<group>"; };
		2C950E9E262D179347C9BF6C /* Pods_Tumblr.framework */ = {isa = PBXFileReference; explicitFileType = wrapper.framework; includeInIndex = 0; path = Pods_Tumblr.framework; sourceTree = BUILT_PRODUCTS_DIR; };
		E15ED2B21E4C4CE600E29022 /* PhotoDetailsViewController.swift */ = {isa = PBXFileReference; fileEncoding = 4; lastKnownFileType = sourcecode.swift; path = PhotoDetailsViewController.swift; sourceTree = "<group>"; };
		E15ED2B41E4C680400E29022 /* InfiniteScrollActivityView.swift */ = {isa = PBXFileReference; fileEncoding = 4; lastKnownFileType = sourcecode.swift; path = InfiniteScrollActivityView.swift; sourceTree = "<group>"; };
		E1A457D91E43B3E900D696AB /* Tumblr.app */ = {isa = PBXFileReference; explicitFileType = wrapper.application; includeInIndex = 0; path = Tumblr.app; sourceTree = BUILT_PRODUCTS_DIR; };
		E1A457DC1E43B3E900D696AB /* AppDelegate.swift */ = {isa = PBXFileReference; lastKnownFileType = sourcecode.swift; path = AppDelegate.swift; sourceTree = "<group>"; };
		E1A457E11E43B3E900D696AB /* Base */ = {isa = PBXFileReference; lastKnownFileType = file.storyboard; name = Base; path = Base.lproj/Main.storyboard; sourceTree = "<group>"; };
		E1A457E31E43B3E900D696AB /* Assets.xcassets */ = {isa = PBXFileReference; lastKnownFileType = folder.assetcatalog; path = Assets.xcassets; sourceTree = "<group>"; };
		E1A457E61E43B3E900D696AB /* Base */ = {isa = PBXFileReference; lastKnownFileType = file.storyboard; name = Base; path = Base.lproj/LaunchScreen.storyboard; sourceTree = "<group>"; };
		E1A457E81E43B3E900D696AB /* Info.plist */ = {isa = PBXFileReference; lastKnownFileType = text.plist.xml; path = Info.plist; sourceTree = "<group>"; };
		E1A457EE1E43B6F800D696AB /* PhotosViewController.swift */ = {isa = PBXFileReference; fileEncoding = 4; lastKnownFileType = sourcecode.swift; path = PhotosViewController.swift; sourceTree = "<group>"; };
		E1A457F21E43BBA700D696AB /* PhotoCell.swift */ = {isa = PBXFileReference; fileEncoding = 4; lastKnownFileType = sourcecode.swift; path = PhotoCell.swift; sourceTree = "<group>"; };
/* End PBXFileReference section */

/* Begin PBXFrameworksBuildPhase section */
		E1A457D61E43B3E900D696AB /* Frameworks */ = {
			isa = PBXFrameworksBuildPhase;
			buildActionMask = 2147483647;
			files = (
				42669477956E48B88F1E2AC3 /* Pods_Tumblr.framework in Frameworks */,
			);
			runOnlyForDeploymentPostprocessing = 0;
		};
/* End PBXFrameworksBuildPhase section */

/* Begin PBXGroup section */
		6A545C9DF097E2143BBC088F /* Frameworks */ = {
			isa = PBXGroup;
			children = (
				2C950E9E262D179347C9BF6C /* Pods_Tumblr.framework */,
			);
			name = Frameworks;
			sourceTree = "<group>";
		};
		E1A457D01E43B3E900D696AB = {
			isa = PBXGroup;
			children = (
				E1A457DB1E43B3E900D696AB /* Tumblr */,
				E1A457DA1E43B3E900D696AB /* Products */,
				F1923F19EEBFF3F02703508A /* Pods */,
				6A545C9DF097E2143BBC088F /* Frameworks */,
			);
			sourceTree = "<group>";
		};
		E1A457DA1E43B3E900D696AB /* Products */ = {
			isa = PBXGroup;
			children = (
				E1A457D91E43B3E900D696AB /* Tumblr.app */,
			);
			name = Products;
			sourceTree = "<group>";
		};
		E1A457DB1E43B3E900D696AB /* Tumblr */ = {
			isa = PBXGroup;
			children = (
				E1A457DC1E43B3E900D696AB /* AppDelegate.swift */,
				E1A457E01E43B3E900D696AB /* Main.storyboard */,
				E1A457F21E43BBA700D696AB /* PhotoCell.swift */,
				E1A457EE1E43B6F800D696AB /* PhotosViewController.swift */,
				E1A457E31E43B3E900D696AB /* Assets.xcassets */,
				E1A457E51E43B3E900D696AB /* LaunchScreen.storyboard */,
				E1A457E81E43B3E900D696AB /* Info.plist */,
				E15ED2B21E4C4CE600E29022 /* PhotoDetailsViewController.swift */,
				E15ED2B41E4C680400E29022 /* InfiniteScrollActivityView.swift */,
			);
			path = Tumblr;
			sourceTree = "<group>";
		};
		F1923F19EEBFF3F02703508A /* Pods */ = {
			isa = PBXGroup;
			children = (
				0622B830E85539256CA512FB /* Pods-Tumblr.debug.xcconfig */,
				1CD84E8547CFFF902A6B9A17 /* Pods-Tumblr.release.xcconfig */,
			);
			name = Pods;
			sourceTree = "<group>";
		};
/* End PBXGroup section */

/* Begin PBXNativeTarget section */
		E1A457D81E43B3E900D696AB /* Tumblr */ = {
			isa = PBXNativeTarget;
			buildConfigurationList = E1A457EB1E43B3E900D696AB /* Build configuration list for PBXNativeTarget "Tumblr" */;
			buildPhases = (
				FE9D466DF1739D1EC870DA30 /* [CP] Check Pods Manifest.lock */,
				E1A457D51E43B3E900D696AB /* Sources */,
				E1A457D61E43B3E900D696AB /* Frameworks */,
				E1A457D71E43B3E900D696AB /* Resources */,
				A1B8DDDBC89CFE61142CBDAC /* [CP] Embed Pods Frameworks */,
				31D844777385A7919C5A5C38 /* [CP] Copy Pods Resources */,
			);
			buildRules = (
			);
			dependencies = (
			);
			name = Tumblr;
			productName = Tumblr;
			productReference = E1A457D91E43B3E900D696AB /* Tumblr.app */;
			productType = "com.apple.product-type.application";
		};
/* End PBXNativeTarget section */

/* Begin PBXProject section */
		E1A457D11E43B3E900D696AB /* Project object */ = {
			isa = PBXProject;
			attributes = {
				LastSwiftUpdateCheck = 0820;
				LastUpgradeCheck = 0820;
				ORGANIZATIONNAME = "Avinash Singh";
				TargetAttributes = {
					E1A457D81E43B3E900D696AB = {
						CreatedOnToolsVersion = 8.2.1;
						DevelopmentTeam = ZN853SAZBE;
						ProvisioningStyle = Automatic;
					};
				};
			};
			buildConfigurationList = E1A457D41E43B3E900D696AB /* Build configuration list for PBXProject "Tumblr" */;
			compatibilityVersion = "Xcode 3.2";
			developmentRegion = English;
			hasScannedForEncodings = 0;
			knownRegions = (
				en,
				Base,
			);
			mainGroup = E1A457D01E43B3E900D696AB;
			productRefGroup = E1A457DA1E43B3E900D696AB /* Products */;
			projectDirPath = "";
			projectRoot = "";
			targets = (
				E1A457D81E43B3E900D696AB /* Tumblr */,
			);
		};
/* End PBXProject section */

/* Begin PBXResourcesBuildPhase section */
		E1A457D71E43B3E900D696AB /* Resources */ = {
			isa = PBXResourcesBuildPhase;
			buildActionMask = 2147483647;
			files = (
				E1A457E71E43B3E900D696AB /* LaunchScreen.storyboard in Resources */,
				E1A457E41E43B3E900D696AB /* Assets.xcassets in Resources */,
				E1A457E21E43B3E900D696AB /* Main.storyboard in Resources */,
			);
			runOnlyForDeploymentPostprocessing = 0;
		};
/* End PBXResourcesBuildPhase section */

/* Begin PBXShellScriptBuildPhase section */
		31D844777385A7919C5A5C38 /* [CP] Copy Pods Resources */ = {
			isa = PBXShellScriptBuildPhase;
			buildActionMask = 2147483647;
			files = (
			);
			inputPaths = (
			);
			name = "[CP] Copy Pods Resources";
			outputPaths = (
			);
			runOnlyForDeploymentPostprocessing = 0;
			shellPath = /bin/sh;
			shellScript = "\"${SRCROOT}/Pods/Target Support Files/Pods-Tumblr/Pods-Tumblr-resources.sh\"\n";
			showEnvVarsInLog = 0;
		};
		A1B8DDDBC89CFE61142CBDAC /* [CP] Embed Pods Frameworks */ = {
			isa = PBXShellScriptBuildPhase;
			buildActionMask = 2147483647;
			files = (
			);
			inputPaths = (
			);
			name = "[CP] Embed Pods Frameworks";
			outputPaths = (
			);
			runOnlyForDeploymentPostprocessing = 0;
			shellPath = /bin/sh;
			shellScript = "\"${SRCROOT}/Pods/Target Support Files/Pods-Tumblr/Pods-Tumblr-frameworks.sh\"\n";
			showEnvVarsInLog = 0;
		};
		FE9D466DF1739D1EC870DA30 /* [CP] Check Pods Manifest.lock */ = {
			isa = PBXShellScriptBuildPhase;
			buildActionMask = 2147483647;
			files = (
			);
			inputPaths = (
			);
			name = "[CP] Check Pods Manifest.lock";
			outputPaths = (
			);
			runOnlyForDeploymentPostprocessing = 0;
			shellPath = /bin/sh;
			shellScript = "diff \"${PODS_ROOT}/../Podfile.lock\" \"${PODS_ROOT}/Manifest.lock\" > /dev/null\nif [ $? != 0 ] ; then\n    # print error to STDERR\n    echo \"error: The sandbox is not in sync with the Podfile.lock. Run 'pod install' or update your CocoaPods installation.\" >&2\n    exit 1\nfi\n";
			showEnvVarsInLog = 0;
		};
/* End PBXShellScriptBuildPhase section */

/* Begin PBXSourcesBuildPhase section */
		E1A457D51E43B3E900D696AB /* Sources */ = {
			isa = PBXSourcesBuildPhase;
			buildActionMask = 2147483647;
			files = (
				E15ED2B51E4C680400E29022 /* InfiniteScrollActivityView.swift in Sources */,
				E15ED2B31E4C4CE600E29022 /* PhotoDetailsViewController.swift in Sources */,
				E1A457DD1E43B3E900D696AB /* AppDelegate.swift in Sources */,
				E1A457F31E43BBA700D696AB /* PhotoCell.swift in Sources */,
				E1A457EF1E43B6F800D696AB /* PhotosViewController.swift in Sources */,
			);
			runOnlyForDeploymentPostprocessing = 0;
		};
/* End PBXSourcesBuildPhase section */

/* Begin PBXVariantGroup section */
		E1A457E01E43B3E900D696AB /* Main.storyboard */ = {
			isa = PBXVariantGroup;
			children = (
				E1A457E11E43B3E900D696AB /* Base */,
			);
			name = Main.storyboard;
			sourceTree = "<group>";
		};
		E1A457E51E43B3E900D696AB /* LaunchScreen.storyboard */ = {
			isa = PBXVariantGroup;
			children = (
				E1A457E61E43B3E900D696AB /* Base */,
			);
			name = LaunchScreen.storyboard;
			sourceTree = "<group>";
		};
/* End PBXVariantGroup section */

/* Begin XCBuildConfiguration section */
		E1A457E91E43B3E900D696AB /* Debug */ = {
			isa = XCBuildConfiguration;
			buildSettings = {
				ALWAYS_SEARCH_USER_PATHS = NO;
				CLANG_ANALYZER_NONNULL = YES;
				CLANG_CXX_LANGUAGE_STANDARD = "gnu++0x";
				CLANG_CXX_LIBRARY = "libc++";
				CLANG_ENABLE_MODULES = YES;
				CLANG_ENABLE_OBJC_ARC = YES;
				CLANG_WARN_BOOL_CONVERSION = YES;
				CLANG_WARN_CONSTANT_CONVERSION = YES;
				CLANG_WARN_DIRECT_OBJC_ISA_USAGE = YES_ERROR;
				CLANG_WARN_DOCUMENTATION_COMMENTS = YES;
				CLANG_WARN_EMPTY_BODY = YES;
				CLANG_WARN_ENUM_CONVERSION = YES;
				CLANG_WARN_INFINITE_RECURSION = YES;
				CLANG_WARN_INT_CONVERSION = YES;
				CLANG_WARN_OBJC_ROOT_CLASS = YES_ERROR;
				CLANG_WARN_SUSPICIOUS_MOVE = YES;
				CLANG_WARN_UNREACHABLE_CODE = YES;
				CLANG_WARN__DUPLICATE_METHOD_MATCH = YES;
				"CODE_SIGN_IDENTITY[sdk=iphoneos*]" = "iPhone Developer";
				COPY_PHASE_STRIP = NO;
				DEBUG_INFORMATION_FORMAT = dwarf;
				ENABLE_STRICT_OBJC_MSGSEND = YES;
				ENABLE_TESTABILITY = YES;
				GCC_C_LANGUAGE_STANDARD = gnu99;
				GCC_DYNAMIC_NO_PIC = NO;
				GCC_NO_COMMON_BLOCKS = YES;
				GCC_OPTIMIZATION_LEVEL = 0;
				GCC_PREPROCESSOR_DEFINITIONS = (
					"DEBUG=1",
					"$(inherited)",
				);
				GCC_WARN_64_TO_32_BIT_CONVERSION = YES;
				GCC_WARN_ABOUT_RETURN_TYPE = YES_ERROR;
				GCC_WARN_UNDECLARED_SELECTOR = YES;
				GCC_WARN_UNINITIALIZED_AUTOS = YES_AGGRESSIVE;
				GCC_WARN_UNUSED_FUNCTION = YES;
				GCC_WARN_UNUSED_VARIABLE = YES;
				IPHONEOS_DEPLOYMENT_TARGET = 10.2;
				MTL_ENABLE_DEBUG_INFO = YES;
				ONLY_ACTIVE_ARCH = YES;
				SDKROOT = iphoneos;
				SWIFT_ACTIVE_COMPILATION_CONDITIONS = DEBUG;
				SWIFT_OPTIMIZATION_LEVEL = "-Onone";
			};
			name = Debug;
		};
		E1A457EA1E43B3E900D696AB /* Release */ = {
			isa = XCBuildConfiguration;
			buildSettings = {
				ALWAYS_SEARCH_USER_PATHS = NO;
				CLANG_ANALYZER_NONNULL = YES;
				CLANG_CXX_LANGUAGE_STANDARD = "gnu++0x";
				CLANG_CXX_LIBRARY = "libc++";
				CLANG_ENABLE_MODULES = YES;
				CLANG_ENABLE_OBJC_ARC = YES;
				CLANG_WARN_BOOL_CONVERSION = YES;
				CLANG_WARN_CONSTANT_CONVERSION = YES;
				CLANG_WARN_DIRECT_OBJC_ISA_USAGE = YES_ERROR;
				CLANG_WARN_DOCUMENTATION_COMMENTS = YES;
				CLANG_WARN_EMPTY_BODY = YES;
				CLANG_WARN_ENUM_CONVERSION = YES;
				CLANG_WARN_INFINITE_RECURSION = YES;
				CLANG_WARN_INT_CONVERSION = YES;
				CLANG_WARN_OBJC_ROOT_CLASS = YES_ERROR;
				CLANG_WARN_SUSPICIOUS_MOVE = YES;
				CLANG_WARN_UNREACHABLE_CODE = YES;
				CLANG_WARN__DUPLICATE_METHOD_MATCH = YES;
				"CODE_SIGN_IDENTITY[sdk=iphoneos*]" = "iPhone Developer";
				COPY_PHASE_STRIP = NO;
				DEBUG_INFORMATION_FORMAT = "dwarf-with-dsym";
				ENABLE_NS_ASSERTIONS = NO;
				ENABLE_STRICT_OBJC_MSGSEND = YES;
				GCC_C_LANGUAGE_STANDARD = gnu99;
				GCC_NO_COMMON_BLOCKS = YES;
				GCC_WARN_64_TO_32_BIT_CONVERSION = YES;
				GCC_WARN_ABOUT_RETURN_TYPE = YES_ERROR;
				GCC_WARN_UNDECLARED_SELECTOR = YES;
				GCC_WARN_UNINITIALIZED_AUTOS = YES_AGGRESSIVE;
				GCC_WARN_UNUSED_FUNCTION = YES;
				GCC_WARN_UNUSED_VARIABLE = YES;
				IPHONEOS_DEPLOYMENT_TARGET = 10.2;
				MTL_ENABLE_DEBUG_INFO = NO;
				SDKROOT = iphoneos;
				SWIFT_OPTIMIZATION_LEVEL = "-Owholemodule";
				VALIDATE_PRODUCT = YES;
			};
			name = Release;
		};
		E1A457EC1E43B3E900D696AB /* Debug */ = {
			isa = XCBuildConfiguration;
			baseConfigurationReference = 0622B830E85539256CA512FB /* Pods-Tumblr.debug.xcconfig */;
			buildSettings = {
				ASSETCATALOG_COMPILER_APPICON_NAME = AppIcon;
				DEVELOPMENT_TEAM = ZN853SAZBE;
				INFOPLIST_FILE = Tumblr/Info.plist;
				LD_RUNPATH_SEARCH_PATHS = "$(inherited) @executable_path/Frameworks";
				PRODUCT_BUNDLE_IDENTIFIER = com.codepath.Tumblr;
				PRODUCT_NAME = "$(TARGET_NAME)";
				SWIFT_VERSION = 3.0;
			};
			name = Debug;
		};
		E1A457ED1E43B3E900D696AB /* Release */ = {
			isa = XCBuildConfiguration;
			baseConfigurationReference = 1CD84E8547CFFF902A6B9A17 /* Pods-Tumblr.release.xcconfig */;
			buildSettings = {
				ASSETCATALOG_COMPILER_APPICON_NAME = AppIcon;
				DEVELOPMENT_TEAM = ZN853SAZBE;
				INFOPLIST_FILE = Tumblr/Info.plist;
				LD_RUNPATH_SEARCH_PATHS = "$(inherited) @executable_path/Frameworks";
				PRODUCT_BUNDLE_IDENTIFIER = com.codepath.Tumblr;
				PRODUCT_NAME = "$(TARGET_NAME)";
				SWIFT_VERSION = 3.0;
			};
			name = Release;
		};
/* End XCBuildConfiguration section */

/* Begin XCConfigurationList section */
		E1A457D41E43B3E900D696AB /* Build configuration list for PBXProject "Tumblr" */ = {
			isa = XCConfigurationList;
			buildConfigurations = (
				E1A457E91E43B3E900D696AB /* Debug */,
				E1A457EA1E43B3E900D696AB /* Release */,
			);
			defaultConfigurationIsVisible = 0;
			defaultConfigurationName = Release;
		};
		E1A457EB1E43B3E900D696AB /* Build configuration list for PBXNativeTarget "Tumblr" */ = {
			isa = XCConfigurationList;
			buildConfigurations = (
				E1A457EC1E43B3E900D696AB /* Debug */,
				E1A457ED1E43B3E900D696AB /* Release */,
			);
			defaultConfigurationIsVisible = 0;
			defaultConfigurationName = Release;
		};
/* End XCConfigurationList section */
	};
	rootObject = E1A457D11E43B3E900D696AB /* Project object */;
}
